// !$*UTF8*$!
{
	archiveVersion = 1;
	classes = {
	};
	objectVersion = 50;
	objects = {

/* Begin PBXBuildFile section */
		D71CD53B2458A9040057CEF6 /* ReflectionNavigationCoordinator.swift in Sources */ = {isa = PBXBuildFile; fileRef = D71CD53A2458A9040057CEF6 /* ReflectionNavigationCoordinator.swift */; };
		D72A7B3C245372FA007F9B57 /* CreateReflectionView.swift in Sources */ = {isa = PBXBuildFile; fileRef = D72A7B3B245372FA007F9B57 /* CreateReflectionView.swift */; };
		D7A63752244E3EC100E6FED4 /* AppDelegate.swift in Sources */ = {isa = PBXBuildFile; fileRef = D7A63751244E3EC100E6FED4 /* AppDelegate.swift */; };
		D7A63754244E3EC100E6FED4 /* SceneDelegate.swift in Sources */ = {isa = PBXBuildFile; fileRef = D7A63753244E3EC100E6FED4 /* SceneDelegate.swift */; };
		D7A63756244E3EC100E6FED4 /* ContentView.swift in Sources */ = {isa = PBXBuildFile; fileRef = D7A63755244E3EC100E6FED4 /* ContentView.swift */; };
		D7A63758244E3EC400E6FED4 /* Assets.xcassets in Resources */ = {isa = PBXBuildFile; fileRef = D7A63757244E3EC400E6FED4 /* Assets.xcassets */; };
		D7A6375B244E3EC400E6FED4 /* Preview Assets.xcassets in Resources */ = {isa = PBXBuildFile; fileRef = D7A6375A244E3EC400E6FED4 /* Preview Assets.xcassets */; };
		D7A6375E244E3EC400E6FED4 /* LaunchScreen.storyboard in Resources */ = {isa = PBXBuildFile; fileRef = D7A6375C244E3EC400E6FED4 /* LaunchScreen.storyboard */; };
		D7A63767244E3EF000E6FED4 /* APIFacade.swift in Sources */ = {isa = PBXBuildFile; fileRef = D7A63766244E3EF000E6FED4 /* APIFacade.swift */; };
		D7A6376A244E5B4E00E6FED4 /* Enums.swift in Sources */ = {isa = PBXBuildFile; fileRef = D7A63769244E5B4E00E6FED4 /* Enums.swift */; };
		D7A6376C244E5B7300E6FED4 /* Models.swift in Sources */ = {isa = PBXBuildFile; fileRef = D7A6376B244E5B7300E6FED4 /* Models.swift */; };
		D7A63796244FE83700E6FED4 /* AnonymousUserView.swift in Sources */ = {isa = PBXBuildFile; fileRef = D7A63795244FE83700E6FED4 /* AnonymousUserView.swift */; };
		D7A63798244FE8A600E6FED4 /* AnonymousUserObservableObject.swift in Sources */ = {isa = PBXBuildFile; fileRef = D7A63797244FE8A600E6FED4 /* AnonymousUserObservableObject.swift */; };
		D7A6379B2450BCA700E6FED4 /* ActivityIndicator.swift in Sources */ = {isa = PBXBuildFile; fileRef = D7A6379A2450BCA700E6FED4 /* ActivityIndicator.swift */; };
		D7A6379D2450BCD500E6FED4 /* LoadingView.swift in Sources */ = {isa = PBXBuildFile; fileRef = D7A6379C2450BCD500E6FED4 /* LoadingView.swift */; };
		D7A6379F2450BDAE00E6FED4 /* DataFacade.swift in Sources */ = {isa = PBXBuildFile; fileRef = D7A6379E2450BDAE00E6FED4 /* DataFacade.swift */; };
		D7A637A12450D40E00E6FED4 /* MainView.swift in Sources */ = {isa = PBXBuildFile; fileRef = D7A637A02450D40E00E6FED4 /* MainView.swift */; };
		D7A637A424520C2300E6FED4 /* FeedView.swift in Sources */ = {isa = PBXBuildFile; fileRef = D7A637A324520C2300E6FED4 /* FeedView.swift */; };
		D7A637A624520CA100E6FED4 /* ReflectionsObservableObject.swift in Sources */ = {isa = PBXBuildFile; fileRef = D7A637A524520CA100E6FED4 /* ReflectionsObservableObject.swift */; };
		D7A637A8245222E100E6FED4 /* ReflectionTileView.swift in Sources */ = {isa = PBXBuildFile; fileRef = D7A637A7245222E100E6FED4 /* ReflectionTileView.swift */; };
		D7A637AA245237BA00E6FED4 /* UserView.swift in Sources */ = {isa = PBXBuildFile; fileRef = D7A637A9245237BA00E6FED4 /* UserView.swift */; };
		D7A637AC24535BB900E6FED4 /* ReflectionView.swift in Sources */ = {isa = PBXBuildFile; fileRef = D7A637AB24535BB900E6FED4 /* ReflectionView.swift */; };
/* End PBXBuildFile section */

/* Begin PBXFileReference section */
		D71CD53A2458A9040057CEF6 /* ReflectionNavigationCoordinator.swift */ = {isa = PBXFileReference; lastKnownFileType = sourcecode.swift; path = ReflectionNavigationCoordinator.swift; sourceTree = "<group>"; };
		D72A7B3B245372FA007F9B57 /* CreateReflectionView.swift */ = {isa = PBXFileReference; lastKnownFileType = sourcecode.swift; path = CreateReflectionView.swift; sourceTree = "<group>"; };
		D7A6374E244E3EC100E6FED4 /* ReflectionsApp.app */ = {isa = PBXFileReference; explicitFileType = wrapper.application; includeInIndex = 0; path = ReflectionsApp.app; sourceTree = BUILT_PRODUCTS_DIR; };
		D7A63751244E3EC100E6FED4 /* AppDelegate.swift */ = {isa = PBXFileReference; lastKnownFileType = sourcecode.swift; path = AppDelegate.swift; sourceTree = "<group>"; };
		D7A63753244E3EC100E6FED4 /* SceneDelegate.swift */ = {isa = PBXFileReference; lastKnownFileType = sourcecode.swift; path = SceneDelegate.swift; sourceTree = "<group>"; };
		D7A63755244E3EC100E6FED4 /* ContentView.swift */ = {isa = PBXFileReference; lastKnownFileType = sourcecode.swift; path = ContentView.swift; sourceTree = "<group>"; };
		D7A63757244E3EC400E6FED4 /* Assets.xcassets */ = {isa = PBXFileReference; lastKnownFileType = folder.assetcatalog; path = Assets.xcassets; sourceTree = "<group>"; };
		D7A6375A244E3EC400E6FED4 /* Preview Assets.xcassets */ = {isa = PBXFileReference; lastKnownFileType = folder.assetcatalog; path = "Preview Assets.xcassets"; sourceTree = "<group>"; };
		D7A6375D244E3EC400E6FED4 /* Base */ = {isa = PBXFileReference; lastKnownFileType = file.storyboard; name = Base; path = Base.lproj/LaunchScreen.storyboard; sourceTree = "<group>"; };
		D7A6375F244E3EC400E6FED4 /* Info.plist */ = {isa = PBXFileReference; lastKnownFileType = text.plist.xml; path = Info.plist; sourceTree = "<group>"; };
		D7A63766244E3EF000E6FED4 /* APIFacade.swift */ = {isa = PBXFileReference; lastKnownFileType = sourcecode.swift; path = APIFacade.swift; sourceTree = "<group>"; };
		D7A63768244E4BE900E6FED4 /* ReflectionsApp.entitlements */ = {isa = PBXFileReference; lastKnownFileType = text.plist.entitlements; path = ReflectionsApp.entitlements; sourceTree = "<group>"; };
		D7A63769244E5B4E00E6FED4 /* Enums.swift */ = {isa = PBXFileReference; lastKnownFileType = sourcecode.swift; path = Enums.swift; sourceTree = "<group>"; };
		D7A6376B244E5B7300E6FED4 /* Models.swift */ = {isa = PBXFileReference; lastKnownFileType = sourcecode.swift; path = Models.swift; sourceTree = "<group>"; };
		D7A63795244FE83700E6FED4 /* AnonymousUserView.swift */ = {isa = PBXFileReference; lastKnownFileType = sourcecode.swift; path = AnonymousUserView.swift; sourceTree = "<group>"; };
		D7A63797244FE8A600E6FED4 /* AnonymousUserObservableObject.swift */ = {isa = PBXFileReference; lastKnownFileType = sourcecode.swift; path = AnonymousUserObservableObject.swift; sourceTree = "<group>"; };
		D7A6379A2450BCA700E6FED4 /* ActivityIndicator.swift */ = {isa = PBXFileReference; lastKnownFileType = sourcecode.swift; path = ActivityIndicator.swift; sourceTree = "<group>"; };
		D7A6379C2450BCD500E6FED4 /* LoadingView.swift */ = {isa = PBXFileReference; lastKnownFileType = sourcecode.swift; path = LoadingView.swift; sourceTree = "<group>"; };
		D7A6379E2450BDAE00E6FED4 /* DataFacade.swift */ = {isa = PBXFileReference; lastKnownFileType = sourcecode.swift; path = DataFacade.swift; sourceTree = "<group>"; };
		D7A637A02450D40E00E6FED4 /* MainView.swift */ = {isa = PBXFileReference; lastKnownFileType = sourcecode.swift; path = MainView.swift; sourceTree = "<group>"; };
		D7A637A324520C2300E6FED4 /* FeedView.swift */ = {isa = PBXFileReference; lastKnownFileType = sourcecode.swift; path = FeedView.swift; sourceTree = "<group>"; };
		D7A637A524520CA100E6FED4 /* ReflectionsObservableObject.swift */ = {isa = PBXFileReference; lastKnownFileType = sourcecode.swift; path = ReflectionsObservableObject.swift; sourceTree = "<group>"; };
		D7A637A7245222E100E6FED4 /* ReflectionTileView.swift */ = {isa = PBXFileReference; lastKnownFileType = sourcecode.swift; path = ReflectionTileView.swift; sourceTree = "<group>"; };
		D7A637A9245237BA00E6FED4 /* UserView.swift */ = {isa = PBXFileReference; lastKnownFileType = sourcecode.swift; path = UserView.swift; sourceTree = "<group>"; };
		D7A637AB24535BB900E6FED4 /* ReflectionView.swift */ = {isa = PBXFileReference; lastKnownFileType = sourcecode.swift; path = ReflectionView.swift; sourceTree = "<group>"; };
/* End PBXFileReference section */

/* Begin PBXFrameworksBuildPhase section */
		D7A6374B244E3EC100E6FED4 /* Frameworks */ = {
			isa = PBXFrameworksBuildPhase;
			buildActionMask = 2147483647;
			files = (
			);
			runOnlyForDeploymentPostprocessing = 0;
		};
/* End PBXFrameworksBuildPhase section */

/* Begin PBXGroup section */
		D7A63745244E3EC100E6FED4 = {
			isa = PBXGroup;
			children = (
				D7A63750244E3EC100E6FED4 /* ReflectionsApp */,
				D7A6374F244E3EC100E6FED4 /* Products */,
			);
			sourceTree = "<group>";
		};
		D7A6374F244E3EC100E6FED4 /* Products */ = {
			isa = PBXGroup;
			children = (
				D7A6374E244E3EC100E6FED4 /* ReflectionsApp.app */,
			);
			name = Products;
			sourceTree = "<group>";
		};
		D7A63750244E3EC100E6FED4 /* ReflectionsApp */ = {
			isa = PBXGroup;
			children = (
				D7A63793244FCF2400E6FED4 /* ui */,
				D7A63765244E3ED700E6FED4 /* networking */,
				D7A6379E2450BDAE00E6FED4 /* DataFacade.swift */,
				D7A63751244E3EC100E6FED4 /* AppDelegate.swift */,
				D7A63753244E3EC100E6FED4 /* SceneDelegate.swift */,
				D7A63755244E3EC100E6FED4 /* ContentView.swift */,
				D7A63757244E3EC400E6FED4 /* Assets.xcassets */,
				D7A6375C244E3EC400E6FED4 /* LaunchScreen.storyboard */,
				D7A6375F244E3EC400E6FED4 /* Info.plist */,
				D7A63768244E4BE900E6FED4 /* ReflectionsApp.entitlements */,
				D7A63759244E3EC400E6FED4 /* Preview Content */,
			);
			path = ReflectionsApp;
			sourceTree = "<group>";
		};
		D7A63759244E3EC400E6FED4 /* Preview Content */ = {
			isa = PBXGroup;
			children = (
				D7A6375A244E3EC400E6FED4 /* Preview Assets.xcassets */,
			);
			path = "Preview Content";
			sourceTree = "<group>";
		};
		D7A63765244E3ED700E6FED4 /* networking */ = {
			isa = PBXGroup;
			children = (
				D7A63766244E3EF000E6FED4 /* APIFacade.swift */,
				D7A63769244E5B4E00E6FED4 /* Enums.swift */,
				D7A6376B244E5B7300E6FED4 /* Models.swift */,
			);
			path = networking;
			sourceTree = "<group>";
		};
		D7A63792244FCF1B00E6FED4 /* observable */ = {
			isa = PBXGroup;
			children = (
				D7A63797244FE8A600E6FED4 /* AnonymousUserObservableObject.swift */,
				D7A637A524520CA100E6FED4 /* ReflectionsObservableObject.swift */,
				D71CD53A2458A9040057CEF6 /* ReflectionNavigationCoordinator.swift */,
			);
			path = observable;
			sourceTree = "<group>";
		};
		D7A63793244FCF2400E6FED4 /* ui */ = {
			isa = PBXGroup;
			children = (
				D7A637992450BC9B00E6FED4 /* representable */,
				D7A63792244FCF1B00E6FED4 /* observable */,
				D7A63794244FCF2F00E6FED4 /* view */,
			);
			path = ui;
			sourceTree = "<group>";
		};
		D7A63794244FCF2F00E6FED4 /* view */ = {
			isa = PBXGroup;
			children = (
				D7A63795244FE83700E6FED4 /* AnonymousUserView.swift */,
				D72A7B3B245372FA007F9B57 /* CreateReflectionView.swift */,
				D7A637A324520C2300E6FED4 /* FeedView.swift */,
				D7A637A02450D40E00E6FED4 /* MainView.swift */,
				D7A637AB24535BB900E6FED4 /* ReflectionView.swift */,
				D7A637A7245222E100E6FED4 /* ReflectionTileView.swift */,
				D7A637A9245237BA00E6FED4 /* UserView.swift */,
			);
			path = view;
			sourceTree = "<group>";
		};
		D7A637992450BC9B00E6FED4 /* representable */ = {
			isa = PBXGroup;
			children = (
				D7A637A224520C0200E6FED4 /* activityindicator */,
			);
			path = representable;
			sourceTree = "<group>";
		};
		D7A637A224520C0200E6FED4 /* activityindicator */ = {
			isa = PBXGroup;
			children = (
				D7A6379C2450BCD500E6FED4 /* LoadingView.swift */,
				D7A6379A2450BCA700E6FED4 /* ActivityIndicator.swift */,
			);
			path = activityindicator;
			sourceTree = "<group>";
		};
/* End PBXGroup section */

/* Begin PBXNativeTarget section */
		D7A6374D244E3EC100E6FED4 /* ReflectionsApp */ = {
			isa = PBXNativeTarget;
			buildConfigurationList = D7A63762244E3EC400E6FED4 /* Build configuration list for PBXNativeTarget "ReflectionsApp" */;
			buildPhases = (
				D7A6374A244E3EC100E6FED4 /* Sources */,
				D7A6374B244E3EC100E6FED4 /* Frameworks */,
				D7A6374C244E3EC100E6FED4 /* Resources */,
			);
			buildRules = (
			);
			dependencies = (
			);
			name = ReflectionsApp;
			productName = ReflectionsApp;
			productReference = D7A6374E244E3EC100E6FED4 /* ReflectionsApp.app */;
			productType = "com.apple.product-type.application";
		};
/* End PBXNativeTarget section */

/* Begin PBXProject section */
		D7A63746244E3EC100E6FED4 /* Project object */ = {
			isa = PBXProject;
			attributes = {
				LastSwiftUpdateCheck = 1140;
				LastUpgradeCheck = 1140;
				ORGANIZATIONNAME = "Bruno Pastre";
				TargetAttributes = {
					D7A6374D244E3EC100E6FED4 = {
						CreatedOnToolsVersion = 11.4;
					};
				};
			};
			buildConfigurationList = D7A63749244E3EC100E6FED4 /* Build configuration list for PBXProject "ReflectionsApp" */;
			compatibilityVersion = "Xcode 9.3";
			developmentRegion = en;
			hasScannedForEncodings = 0;
			knownRegions = (
				en,
				Base,
			);
			mainGroup = D7A63745244E3EC100E6FED4;
			productRefGroup = D7A6374F244E3EC100E6FED4 /* Products */;
			projectDirPath = "";
			projectRoot = "";
			targets = (
				D7A6374D244E3EC100E6FED4 /* ReflectionsApp */,
			);
		};
/* End PBXProject section */

/* Begin PBXResourcesBuildPhase section */
		D7A6374C244E3EC100E6FED4 /* Resources */ = {
			isa = PBXResourcesBuildPhase;
			buildActionMask = 2147483647;
			files = (
				D7A6375E244E3EC400E6FED4 /* LaunchScreen.storyboard in Resources */,
				D7A6375B244E3EC400E6FED4 /* Preview Assets.xcassets in Resources */,
				D7A63758244E3EC400E6FED4 /* Assets.xcassets in Resources */,
			);
			runOnlyForDeploymentPostprocessing = 0;
		};
/* End PBXResourcesBuildPhase section */

/* Begin PBXSourcesBuildPhase section */
		D7A6374A244E3EC100E6FED4 /* Sources */ = {
			isa = PBXSourcesBuildPhase;
			buildActionMask = 2147483647;
			files = (
				D7A63796244FE83700E6FED4 /* AnonymousUserView.swift in Sources */,
				D7A637A12450D40E00E6FED4 /* MainView.swift in Sources */,
				D7A63767244E3EF000E6FED4 /* APIFacade.swift in Sources */,
				D7A637AC24535BB900E6FED4 /* ReflectionView.swift in Sources */,
				D7A637AA245237BA00E6FED4 /* UserView.swift in Sources */,
				D7A63798244FE8A600E6FED4 /* AnonymousUserObservableObject.swift in Sources */,
				D7A637A624520CA100E6FED4 /* ReflectionsObservableObject.swift in Sources */,
				D7A6379F2450BDAE00E6FED4 /* DataFacade.swift in Sources */,
				D7A6379D2450BCD500E6FED4 /* LoadingView.swift in Sources */,
				D7A63752244E3EC100E6FED4 /* AppDelegate.swift in Sources */,
				D7A6376A244E5B4E00E6FED4 /* Enums.swift in Sources */,
				D7A6376C244E5B7300E6FED4 /* Models.swift in Sources */,
				D7A63754244E3EC100E6FED4 /* SceneDelegate.swift in Sources */,
				D7A637A8245222E100E6FED4 /* ReflectionTileView.swift in Sources */,
				D7A637A424520C2300E6FED4 /* FeedView.swift in Sources */,
				D72A7B3C245372FA007F9B57 /* CreateReflectionView.swift in Sources */,
				D71CD53B2458A9040057CEF6 /* ReflectionNavigationCoordinator.swift in Sources */,
				D7A6379B2450BCA700E6FED4 /* ActivityIndicator.swift in Sources */,
				D7A63756244E3EC100E6FED4 /* ContentView.swift in Sources */,
			);
			runOnlyForDeploymentPostprocessing = 0;
		};
/* End PBXSourcesBuildPhase section */

/* Begin PBXVariantGroup section */
		D7A6375C244E3EC400E6FED4 /* LaunchScreen.storyboard */ = {
			isa = PBXVariantGroup;
			children = (
				D7A6375D244E3EC400E6FED4 /* Base */,
			);
			name = LaunchScreen.storyboard;
			sourceTree = "<group>";
		};
/* End PBXVariantGroup section */

/* Begin XCBuildConfiguration section */
		D7A63760244E3EC400E6FED4 /* Debug */ = {
			isa = XCBuildConfiguration;
			buildSettings = {
				ALWAYS_SEARCH_USER_PATHS = NO;
				CLANG_ANALYZER_NONNULL = YES;
				CLANG_ANALYZER_NUMBER_OBJECT_CONVERSION = YES_AGGRESSIVE;
				CLANG_CXX_LANGUAGE_STANDARD = "gnu++14";
				CLANG_CXX_LIBRARY = "libc++";
				CLANG_ENABLE_MODULES = YES;
				CLANG_ENABLE_OBJC_ARC = YES;
				CLANG_ENABLE_OBJC_WEAK = YES;
				CLANG_WARN_BLOCK_CAPTURE_AUTORELEASING = YES;
				CLANG_WARN_BOOL_CONVERSION = YES;
				CLANG_WARN_COMMA = YES;
				CLANG_WARN_CONSTANT_CONVERSION = YES;
				CLANG_WARN_DEPRECATED_OBJC_IMPLEMENTATIONS = YES;
				CLANG_WARN_DIRECT_OBJC_ISA_USAGE = YES_ERROR;
				CLANG_WARN_DOCUMENTATION_COMMENTS = YES;
				CLANG_WARN_EMPTY_BODY = YES;
				CLANG_WARN_ENUM_CONVERSION = YES;
				CLANG_WARN_INFINITE_RECURSION = YES;
				CLANG_WARN_INT_CONVERSION = YES;
				CLANG_WARN_NON_LITERAL_NULL_CONVERSION = YES;
				CLANG_WARN_OBJC_IMPLICIT_RETAIN_SELF = YES;
				CLANG_WARN_OBJC_LITERAL_CONVERSION = YES;
				CLANG_WARN_OBJC_ROOT_CLASS = YES_ERROR;
				CLANG_WARN_RANGE_LOOP_ANALYSIS = YES;
				CLANG_WARN_STRICT_PROTOTYPES = YES;
				CLANG_WARN_SUSPICIOUS_MOVE = YES;
				CLANG_WARN_UNGUARDED_AVAILABILITY = YES_AGGRESSIVE;
				CLANG_WARN_UNREACHABLE_CODE = YES;
				CLANG_WARN__DUPLICATE_METHOD_MATCH = YES;
				COPY_PHASE_STRIP = NO;
				DEBUG_INFORMATION_FORMAT = dwarf;
				ENABLE_STRICT_OBJC_MSGSEND = YES;
				ENABLE_TESTABILITY = YES;
				GCC_C_LANGUAGE_STANDARD = gnu11;
				GCC_DYNAMIC_NO_PIC = NO;
				GCC_NO_COMMON_BLOCKS = YES;
				GCC_OPTIMIZATION_LEVEL = 0;
				GCC_PREPROCESSOR_DEFINITIONS = (
					"DEBUG=1",
					"$(inherited)",
				);
				GCC_WARN_64_TO_32_BIT_CONVERSION = YES;
				GCC_WARN_ABOUT_RETURN_TYPE = YES_ERROR;
				GCC_WARN_UNDECLARED_SELECTOR = YES;
				GCC_WARN_UNINITIALIZED_AUTOS = YES_AGGRESSIVE;
				GCC_WARN_UNUSED_FUNCTION = YES;
				GCC_WARN_UNUSED_VARIABLE = YES;
				IPHONEOS_DEPLOYMENT_TARGET = 13.4;
				MTL_ENABLE_DEBUG_INFO = INCLUDE_SOURCE;
				MTL_FAST_MATH = YES;
				ONLY_ACTIVE_ARCH = YES;
				SDKROOT = iphoneos;
				SWIFT_ACTIVE_COMPILATION_CONDITIONS = DEBUG;
				SWIFT_OPTIMIZATION_LEVEL = "-Onone";
			};
			name = Debug;
		};
		D7A63761244E3EC400E6FED4 /* Release */ = {
			isa = XCBuildConfiguration;
			buildSettings = {
				ALWAYS_SEARCH_USER_PATHS = NO;
				CLANG_ANALYZER_NONNULL = YES;
				CLANG_ANALYZER_NUMBER_OBJECT_CONVERSION = YES_AGGRESSIVE;
				CLANG_CXX_LANGUAGE_STANDARD = "gnu++14";
				CLANG_CXX_LIBRARY = "libc++";
				CLANG_ENABLE_MODULES = YES;
				CLANG_ENABLE_OBJC_ARC = YES;
				CLANG_ENABLE_OBJC_WEAK = YES;
				CLANG_WARN_BLOCK_CAPTURE_AUTORELEASING = YES;
				CLANG_WARN_BOOL_CONVERSION = YES;
				CLANG_WARN_COMMA = YES;
				CLANG_WARN_CONSTANT_CONVERSION = YES;
				CLANG_WARN_DEPRECATED_OBJC_IMPLEMENTATIONS = YES;
				CLANG_WARN_DIRECT_OBJC_ISA_USAGE = YES_ERROR;
				CLANG_WARN_DOCUMENTATION_COMMENTS = YES;
				CLANG_WARN_EMPTY_BODY = YES;
				CLANG_WARN_ENUM_CONVERSION = YES;
				CLANG_WARN_INFINITE_RECURSION = YES;
				CLANG_WARN_INT_CONVERSION = YES;
				CLANG_WARN_NON_LITERAL_NULL_CONVERSION = YES;
				CLANG_WARN_OBJC_IMPLICIT_RETAIN_SELF = YES;
				CLANG_WARN_OBJC_LITERAL_CONVERSION = YES;
				CLANG_WARN_OBJC_ROOT_CLASS = YES_ERROR;
				CLANG_WARN_RANGE_LOOP_ANALYSIS = YES;
				CLANG_WARN_STRICT_PROTOTYPES = YES;
				CLANG_WARN_SUSPICIOUS_MOVE = YES;
				CLANG_WARN_UNGUARDED_AVAILABILITY = YES_AGGRESSIVE;
				CLANG_WARN_UNREACHABLE_CODE = YES;
				CLANG_WARN__DUPLICATE_METHOD_MATCH = YES;
				COPY_PHASE_STRIP = NO;
				DEBUG_INFORMATION_FORMAT = "dwarf-with-dsym";
				ENABLE_NS_ASSERTIONS = NO;
				ENABLE_STRICT_OBJC_MSGSEND = YES;
				GCC_C_LANGUAGE_STANDARD = gnu11;
				GCC_NO_COMMON_BLOCKS = YES;
				GCC_WARN_64_TO_32_BIT_CONVERSION = YES;
				GCC_WARN_ABOUT_RETURN_TYPE = YES_ERROR;
				GCC_WARN_UNDECLARED_SELECTOR = YES;
				GCC_WARN_UNINITIALIZED_AUTOS = YES_AGGRESSIVE;
				GCC_WARN_UNUSED_FUNCTION = YES;
				GCC_WARN_UNUSED_VARIABLE = YES;
				IPHONEOS_DEPLOYMENT_TARGET = 13.4;
				MTL_ENABLE_DEBUG_INFO = NO;
				MTL_FAST_MATH = YES;
				SDKROOT = iphoneos;
				SWIFT_COMPILATION_MODE = wholemodule;
				SWIFT_OPTIMIZATION_LEVEL = "-O";
				VALIDATE_PRODUCT = YES;
			};
			name = Release;
		};
		D7A63763244E3EC400E6FED4 /* Debug */ = {
			isa = XCBuildConfiguration;
			buildSettings = {
				ASSETCATALOG_COMPILER_APPICON_NAME = AppIcon;
				CODE_SIGN_ENTITLEMENTS = ReflectionsApp/ReflectionsApp.entitlements;
				CODE_SIGN_STYLE = Automatic;
				DEVELOPMENT_ASSET_PATHS = "\"ReflectionsApp/Preview Content\"";
				DEVELOPMENT_TEAM = QM43B7QRF9;
				ENABLE_PREVIEWS = YES;
				INFOPLIST_FILE = ReflectionsApp/Info.plist;
				LD_RUNPATH_SEARCH_PATHS = (
					"$(inherited)",
					"@executable_path/Frameworks",
				);
				PRODUCT_BUNDLE_IDENTIFIER = pastre.github.io.ReflectionsApp;
				PRODUCT_NAME = "$(TARGET_NAME)";
				SUPPORTS_MACCATALYST = YES;
				SWIFT_VERSION = 5.0;
				TARGETED_DEVICE_FAMILY = "1,2";
			};
			name = Debug;
		};
		D7A63764244E3EC400E6FED4 /* Release */ = {
			isa = XCBuildConfiguration;
			buildSettings = {
				ASSETCATALOG_COMPILER_APPICON_NAME = AppIcon;
				CODE_SIGN_ENTITLEMENTS = ReflectionsApp/ReflectionsApp.entitlements;
				CODE_SIGN_STYLE = Automatic;
				DEVELOPMENT_ASSET_PATHS = "\"ReflectionsApp/Preview Content\"";
				DEVELOPMENT_TEAM = QM43B7QRF9;
				ENABLE_PREVIEWS = YES;
				INFOPLIST_FILE = ReflectionsApp/Info.plist;
				LD_RUNPATH_SEARCH_PATHS = (
					"$(inherited)",
					"@executable_path/Frameworks",
				);
				PRODUCT_BUNDLE_IDENTIFIER = pastre.github.io.ReflectionsApp;
				PRODUCT_NAME = "$(TARGET_NAME)";
				SUPPORTS_MACCATALYST = YES;
				SWIFT_VERSION = 5.0;
				TARGETED_DEVICE_FAMILY = "1,2";
			};
			name = Release;
		};
/* End XCBuildConfiguration section */

/* Begin XCConfigurationList section */
		D7A63749244E3EC100E6FED4 /* Build configuration list for PBXProject "ReflectionsApp" */ = {
			isa = XCConfigurationList;
			buildConfigurations = (
				D7A63760244E3EC400E6FED4 /* Debug */,
				D7A63761244E3EC400E6FED4 /* Release */,
			);
			defaultConfigurationIsVisible = 0;
			defaultConfigurationName = Release;
		};
		D7A63762244E3EC400E6FED4 /* Build configuration list for PBXNativeTarget "ReflectionsApp" */ = {
			isa = XCConfigurationList;
			buildConfigurations = (
				D7A63763244E3EC400E6FED4 /* Debug */,
				D7A63764244E3EC400E6FED4 /* Release */,
			);
			defaultConfigurationIsVisible = 0;
			defaultConfigurationName = Release;
		};
/* End XCConfigurationList section */
	};
	rootObject = D7A63746244E3EC100E6FED4 /* Project object */;
}
